
Microsoft Visual Studio Solution File, Format Version 12.00
# Visual Studio Version 16
VisualStudioVersion = 16.0.30907.101
MinimumVisualStudioVersion = 10.0.40219.1
Project("{FAE04EC0-301F-11D3-BF4B-00C04F79EFBC}") = "dablejs-aspnetcore-sample", "dablejs-aspnetcore-sample\dablejs-aspnetcore-sample.csproj", "{DA49CF52-C47F-4987-8CCF-307AD96E16AE}"
EndProject
Global
	GlobalSection(SolutionConfigurationPlatforms) = preSolution
		Debug|Any CPU = Debug|Any CPU
		Release|Any CPU = Release|Any CPU
	EndGlobalSection
	GlobalSection(ProjectConfigurationPlatforms) = postSolution
		{DA49CF52-C47F-4987-8CCF-307AD96E16AE}.Debug|Any CPU.ActiveCfg = Debug|Any CPU
		{DA49CF52-C47F-4987-8CCF-307AD96E16AE}.Debug|Any CPU.Build.0 = Debug|Any CPU
		{DA49CF52-C47F-4987-8CCF-307AD96E16AE}.Release|Any CPU.ActiveCfg = Release|Any CPU
		{DA49CF52-C47F-4987-8CCF-307AD96E16AE}.Release|Any CPU.Build.0 = Release|Any CPU
	EndGlobalSection
	GlobalSection(SolutionProperties) = preSolution
		HideSolutionNode = FALSE
	EndGlobalSection
	GlobalSection(ExtensibilityGlobals) = postSolution
		SolutionGuid = {3FF0F4C5-AB02-487E-957F-3B2B53DD6FF5}
	EndGlobalSection
EndGlobal
